
Microsoft Visual Studio Solution File, Format Version 12.00
# Visual Studio 15
VisualStudioVersion = 15.0.28010.2019
MinimumVisualStudioVersion = 10.0.40219.1
Project("{8BC9CEB8-8B4A-11D0-8D11-00A0C91BC942}") = "NckLib", "NckLib\NckLib.vcxproj", "{67872B08-EB77-4A58-925F-FF1013CF8DBB}"
EndProject
Project("{8BC9CEB8-8B4A-11D0-8D11-00A0C91BC942}") = "NckLib.Test", "NckLib.Test\NckLib.Test.vcxproj", "{DB573FD3-1267-4A4A-B99F-04916C8C08A0}"
EndProject
Global
	GlobalSection(SolutionConfigurationPlatforms) = preSolution
		Debug|x64 = Debug|x64
		Debug|x86 = Debug|x86
		Release|x64 = Release|x64
		Release|x86 = Release|x86
	EndGlobalSection
	GlobalSection(ProjectConfigurationPlatforms) = postSolution
		{67872B08-EB77-4A58-925F-FF1013CF8DBB}.Debug|x64.ActiveCfg = Debug|x64
		{67872B08-EB77-4A58-925F-FF1013CF8DBB}.Debug|x64.Build.0 = Debug|x64
		{67872B08-EB77-4A58-925F-FF1013CF8DBB}.Debug|x86.ActiveCfg = Debug|Win32
		{67872B08-EB77-4A58-925F-FF1013CF8DBB}.Debug|x86.Build.0 = Debug|Win32
		{67872B08-EB77-4A58-925F-FF1013CF8DBB}.Release|x64.ActiveCfg = Release|x64
		{67872B08-EB77-4A58-925F-FF1013CF8DBB}.Release|x64.Build.0 = Release|x64
		{67872B08-EB77-4A58-925F-FF1013CF8DBB}.Release|x86.ActiveCfg = Release|Win32
		{67872B08-EB77-4A58-925F-FF1013CF8DBB}.Release|x86.Build.0 = Release|Win32
		{DB573FD3-1267-4A4A-B99F-04916C8C08A0}.Debug|x64.ActiveCfg = Debug|x64
		{DB573FD3-1267-4A4A-B99F-04916C8C08A0}.Debug|x64.Build.0 = Debug|x64
		{DB573FD3-1267-4A4A-B99F-04916C8C08A0}.Debug|x86.ActiveCfg = Debug|Win32
		{DB573FD3-1267-4A4A-B99F-04916C8C08A0}.Debug|x86.Build.0 = Debug|Win32
		{DB573FD3-1267-4A4A-B99F-04916C8C08A0}.Release|x64.ActiveCfg = Release|x64
		{DB573FD3-1267-4A4A-B99F-04916C8C08A0}.Release|x64.Build.0 = Release|x64
		{DB573FD3-1267-4A4A-B99F-04916C8C08A0}.Release|x86.ActiveCfg = Release|Win32
		{DB573FD3-1267-4A4A-B99F-04916C8C08A0}.Release|x86.Build.0 = Release|Win32
	EndGlobalSection
	GlobalSection(SolutionProperties) = preSolution
		HideSolutionNode = FALSE
	EndGlobalSection
	GlobalSection(ExtensibilityGlobals) = postSolution
		SolutionGuid = {8B6954C4-5C68-48CB-B3B8-57CF9A65EC19}
	EndGlobalSection
EndGlobal
